// !$*UTF8*$!
{
	archiveVersion = 1;
	classes = {
	};
	objectVersion = 50;
	objects = {

/* Begin PBXBuildFile section */
		E2672E912519CE2000990820 /* AppDelegate.swift in Sources */ = {isa = PBXBuildFile; fileRef = E2672E902519CE2000990820 /* AppDelegate.swift */; };
		E2672E932519CE2000990820 /* SceneDelegate.swift in Sources */ = {isa = PBXBuildFile; fileRef = E2672E922519CE2000990820 /* SceneDelegate.swift */; };
		E2672E952519CE2000990820 /* ContentView.swift in Sources */ = {isa = PBXBuildFile; fileRef = E2672E942519CE2000990820 /* ContentView.swift */; };
		E2672E982519CE2000990820 /* FlashZilla.xcdatamodeld in Sources */ = {isa = PBXBuildFile; fileRef = E2672E962519CE2000990820 /* FlashZilla.xcdatamodeld */; };
		E2672E9A2519CE2100990820 /* Assets.xcassets in Resources */ = {isa = PBXBuildFile; fileRef = E2672E992519CE2100990820 /* Assets.xcassets */; };
		E2672E9D2519CE2100990820 /* Preview Assets.xcassets in Resources */ = {isa = PBXBuildFile; fileRef = E2672E9C2519CE2100990820 /* Preview Assets.xcassets */; };
		E2672EA02519CE2100990820 /* LaunchScreen.storyboard in Resources */ = {isa = PBXBuildFile; fileRef = E2672E9E2519CE2100990820 /* LaunchScreen.storyboard */; };
		E2672EB0251C6A0300990820 /* Card.swift in Sources */ = {isa = PBXBuildFile; fileRef = E2672EAF251C6A0300990820 /* Card.swift */; };
		E2672EB3251C74C900990820 /* CardView.swift in Sources */ = {isa = PBXBuildFile; fileRef = E2672EB2251C74C900990820 /* CardView.swift */; };
		E2672EB7251F16D700990820 /* EditCardsView.swift in Sources */ = {isa = PBXBuildFile; fileRef = E2672EB6251F16D700990820 /* EditCardsView.swift */; };
/* End PBXBuildFile section */

/* Begin PBXFileReference section */
		E2672E8D2519CE2000990820 /* FlashZilla.app */ = {isa = PBXFileReference; explicitFileType = wrapper.application; includeInIndex = 0; path = FlashZilla.app; sourceTree = BUILT_PRODUCTS_DIR; };
		E2672E902519CE2000990820 /* AppDelegate.swift */ = {isa = PBXFileReference; lastKnownFileType = sourcecode.swift; path = AppDelegate.swift; sourceTree = "<group>"; };
		E2672E922519CE2000990820 /* SceneDelegate.swift */ = {isa = PBXFileReference; lastKnownFileType = sourcecode.swift; path = SceneDelegate.swift; sourceTree = "<group>"; };
		E2672E942519CE2000990820 /* ContentView.swift */ = {isa = PBXFileReference; lastKnownFileType = sourcecode.swift; path = ContentView.swift; sourceTree = "<group>"; };
		E2672E972519CE2000990820 /* FlashZilla.xcdatamodel */ = {isa = PBXFileReference; lastKnownFileType = wrapper.xcdatamodel; path = FlashZilla.xcdatamodel; sourceTree = "<group>"; };
		E2672E992519CE2100990820 /* Assets.xcassets */ = {isa = PBXFileReference; lastKnownFileType = folder.assetcatalog; path = Assets.xcassets; sourceTree = "<group>"; };
		E2672E9C2519CE2100990820 /* Preview Assets.xcassets */ = {isa = PBXFileReference; lastKnownFileType = folder.assetcatalog; path = "Preview Assets.xcassets"; sourceTree = "<group>"; };
		E2672E9F2519CE2100990820 /* Base */ = {isa = PBXFileReference; lastKnownFileType = file.storyboard; name = Base; path = Base.lproj/LaunchScreen.storyboard; sourceTree = "<group>"; };
		E2672EA12519CE2100990820 /* Info.plist */ = {isa = PBXFileReference; lastKnownFileType = text.plist.xml; path = Info.plist; sourceTree = "<group>"; };
		E2672EAF251C6A0300990820 /* Card.swift */ = {isa = PBXFileReference; lastKnownFileType = sourcecode.swift; path = Card.swift; sourceTree = "<group>"; };
		E2672EB2251C74C900990820 /* CardView.swift */ = {isa = PBXFileReference; lastKnownFileType = sourcecode.swift; path = CardView.swift; sourceTree = "<group>"; };
		E2672EB6251F16D700990820 /* EditCardsView.swift */ = {isa = PBXFileReference; lastKnownFileType = sourcecode.swift; path = EditCardsView.swift; sourceTree = "<group>"; };
/* End PBXFileReference section */

/* Begin PBXFrameworksBuildPhase section */
		E2672E8A2519CE2000990820 /* Frameworks */ = {
			isa = PBXFrameworksBuildPhase;
			buildActionMask = 2147483647;
			files = (
			);
			runOnlyForDeploymentPostprocessing = 0;
		};
/* End PBXFrameworksBuildPhase section */

/* Begin PBXGroup section */
		E2672E842519CE2000990820 = {
			isa = PBXGroup;
			children = (
				E2672E8F2519CE2000990820 /* FlashZilla */,
				E2672E8E2519CE2000990820 /* Products */,
			);
			sourceTree = "<group>";
		};
		E2672E8E2519CE2000990820 /* Products */ = {
			isa = PBXGroup;
			children = (
				E2672E8D2519CE2000990820 /* FlashZilla.app */,
			);
			name = Products;
			sourceTree = "<group>";
		};
		E2672E8F2519CE2000990820 /* FlashZilla */ = {
			isa = PBXGroup;
			children = (
				E2672E902519CE2000990820 /* AppDelegate.swift */,
				E2672E922519CE2000990820 /* SceneDelegate.swift */,
				E2672E942519CE2000990820 /* ContentView.swift */,
				E2672EB2251C74C900990820 /* CardView.swift */,
				E2672EB6251F16D700990820 /* EditCardsView.swift */,
				E2672EAF251C6A0300990820 /* Card.swift */,
				E2672E992519CE2100990820 /* Assets.xcassets */,
				E2672E9E2519CE2100990820 /* LaunchScreen.storyboard */,
				E2672EA12519CE2100990820 /* Info.plist */,
				E2672E962519CE2000990820 /* FlashZilla.xcdatamodeld */,
				E2672E9B2519CE2100990820 /* Preview Content */,
			);
			path = FlashZilla;
			sourceTree = "<group>";
		};
		E2672E9B2519CE2100990820 /* Preview Content */ = {
			isa = PBXGroup;
			children = (
				E2672E9C2519CE2100990820 /* Preview Assets.xcassets */,
			);
			path = "Preview Content";
			sourceTree = "<group>";
		};
/* End PBXGroup section */

/* Begin PBXNativeTarget section */
		E2672E8C2519CE2000990820 /* FlashZilla */ = {
			isa = PBXNativeTarget;
			buildConfigurationList = E2672EA42519CE2100990820 /* Build configuration list for PBXNativeTarget "FlashZilla" */;
			buildPhases = (
				E2672E892519CE2000990820 /* Sources */,
				E2672E8A2519CE2000990820 /* Frameworks */,
				E2672E8B2519CE2000990820 /* Resources */,
			);
			buildRules = (
			);
			dependencies = (
			);
			name = FlashZilla;
			productName = FlashZilla;
			productReference = E2672E8D2519CE2000990820 /* FlashZilla.app */;
			productType = "com.apple.product-type.application";
		};
/* End PBXNativeTarget section */

/* Begin PBXProject section */
		E2672E852519CE2000990820 /* Project object */ = {
			isa = PBXProject;
			attributes = {
				LastSwiftUpdateCheck = 1200;
				LastUpgradeCheck = 1200;
				TargetAttributes = {
					E2672E8C2519CE2000990820 = {
						CreatedOnToolsVersion = 12.0;
					};
				};
			};
			buildConfigurationList = E2672E882519CE2000990820 /* Build configuration list for PBXProject "FlashZilla" */;
			compatibilityVersion = "Xcode 9.3";
			developmentRegion = en;
			hasScannedForEncodings = 0;
			knownRegions = (
				en,
				Base,
			);
			mainGroup = E2672E842519CE2000990820;
			productRefGroup = E2672E8E2519CE2000990820 /* Products */;
			projectDirPath = "";
			projectRoot = "";
			targets = (
				E2672E8C2519CE2000990820 /* FlashZilla */,
			);
		};
/* End PBXProject section */

/* Begin PBXResourcesBuildPhase section */
		E2672E8B2519CE2000990820 /* Resources */ = {
			isa = PBXResourcesBuildPhase;
			buildActionMask = 2147483647;
			files = (
				E2672EA02519CE2100990820 /* LaunchScreen.storyboard in Resources */,
				E2672E9D2519CE2100990820 /* Preview Assets.xcassets in Resources */,
				E2672E9A2519CE2100990820 /* Assets.xcassets in Resources */,
			);
			runOnlyForDeploymentPostprocessing = 0;
		};
/* End PBXResourcesBuildPhase section */

/* Begin PBXSourcesBuildPhase section */
		E2672E892519CE2000990820 /* Sources */ = {
			isa = PBXSourcesBuildPhase;
			buildActionMask = 2147483647;
			files = (
				E2672E912519CE2000990820 /* AppDelegate.swift in Sources */,
				E2672EB0251C6A0300990820 /* Card.swift in Sources */,
				E2672E982519CE2000990820 /* FlashZilla.xcdatamodeld in Sources */,
				E2672E932519CE2000990820 /* SceneDelegate.swift in Sources */,
				E2672EB7251F16D700990820 /* EditCardsView.swift in Sources */,
				E2672EB3251C74C900990820 /* CardView.swift in Sources */,
				E2672E952519CE2000990820 /* ContentView.swift in Sources */,
			);
			runOnlyForDeploymentPostprocessing = 0;
		};
/* End PBXSourcesBuildPhase section */

/* Begin PBXVariantGroup section */
		E2672E9E2519CE2100990820 /* LaunchScreen.storyboard */ = {
			isa = PBXVariantGroup;
			children = (
				E2672E9F2519CE2100990820 /* Base */,
			);
			name = LaunchScreen.storyboard;
			sourceTree = "<group>";
		};
/* End PBXVariantGroup section */

/* Begin XCBuildConfiguration section */
		E2672EA22519CE2100990820 /* Debug */ = {
			isa = XCBuildConfiguration;
			buildSettings = {
				ALWAYS_SEARCH_USER_PATHS = NO;
				CLANG_ANALYZER_NONNULL = YES;
				CLANG_ANALYZER_NUMBER_OBJECT_CONVERSION = YES_AGGRESSIVE;
				CLANG_CXX_LANGUAGE_STANDARD = "gnu++14";
				CLANG_CXX_LIBRARY = "libc++";
				CLANG_ENABLE_MODULES = YES;
				CLANG_ENABLE_OBJC_ARC = YES;
				CLANG_ENABLE_OBJC_WEAK = YES;
				CLANG_WARN_BLOCK_CAPTURE_AUTORELEASING = YES;
				CLANG_WARN_BOOL_CONVERSION = YES;
				CLANG_WARN_COMMA = YES;
				CLANG_WARN_CONSTANT_CONVERSION = YES;
				CLANG_WARN_DEPRECATED_OBJC_IMPLEMENTATIONS = YES;
				CLANG_WARN_DIRECT_OBJC_ISA_USAGE = YES_ERROR;
				CLANG_WARN_DOCUMENTATION_COMMENTS = YES;
				CLANG_WARN_EMPTY_BODY = YES;
				CLANG_WARN_ENUM_CONVERSION = YES;
				CLANG_WARN_INFINITE_RECURSION = YES;
				CLANG_WARN_INT_CONVERSION = YES;
				CLANG_WARN_NON_LITERAL_NULL_CONVERSION = YES;
				CLANG_WARN_OBJC_IMPLICIT_RETAIN_SELF = YES;
				CLANG_WARN_OBJC_LITERAL_CONVERSION = YES;
				CLANG_WARN_OBJC_ROOT_CLASS = YES_ERROR;
				CLANG_WARN_QUOTED_INCLUDE_IN_FRAMEWORK_HEADER = YES;
				CLANG_WARN_RANGE_LOOP_ANALYSIS = YES;
				CLANG_WARN_STRICT_PROTOTYPES = YES;
				CLANG_WARN_SUSPICIOUS_MOVE = YES;
				CLANG_WARN_UNGUARDED_AVAILABILITY = YES_AGGRESSIVE;
				CLANG_WARN_UNREACHABLE_CODE = YES;
				CLANG_WARN__DUPLICATE_METHOD_MATCH = YES;
				COPY_PHASE_STRIP = NO;
				DEBUG_INFORMATION_FORMAT = dwarf;
				ENABLE_STRICT_OBJC_MSGSEND = YES;
				ENABLE_TESTABILITY = YES;
				GCC_C_LANGUAGE_STANDARD = gnu11;
				GCC_DYNAMIC_NO_PIC = NO;
				GCC_NO_COMMON_BLOCKS = YES;
				GCC_OPTIMIZATION_LEVEL = 0;
				GCC_PREPROCESSOR_DEFINITIONS = (
					"DEBUG=1",
					"$(inherited)",
				);
				GCC_WARN_64_TO_32_BIT_CONVERSION = YES;
				GCC_WARN_ABOUT_RETURN_TYPE = YES_ERROR;
				GCC_WARN_UNDECLARED_SELECTOR = YES;
				GCC_WARN_UNINITIALIZED_AUTOS = YES_AGGRESSIVE;
				GCC_WARN_UNUSED_FUNCTION = YES;
				GCC_WARN_UNUSED_VARIABLE = YES;
				IPHONEOS_DEPLOYMENT_TARGET = 14.0;
				MTL_ENABLE_DEBUG_INFO = INCLUDE_SOURCE;
				MTL_FAST_MATH = YES;
				ONLY_ACTIVE_ARCH = YES;
				SDKROOT = iphoneos;
				SWIFT_ACTIVE_COMPILATION_CONDITIONS = DEBUG;
				SWIFT_OPTIMIZATION_LEVEL = "-Onone";
			};
			name = Debug;
		};
		E2672EA32519CE2100990820 /* Release */ = {
			isa = XCBuildConfiguration;
			buildSettings = {
				ALWAYS_SEARCH_USER_PATHS = NO;
				CLANG_ANALYZER_NONNULL = YES;
				CLANG_ANALYZER_NUMBER_OBJECT_CONVERSION = YES_AGGRESSIVE;
				CLANG_CXX_LANGUAGE_STANDARD = "gnu++14";
				CLANG_CXX_LIBRARY = "libc++";
				CLANG_ENABLE_MODULES = YES;
				CLANG_ENABLE_OBJC_ARC = YES;
				CLANG_ENABLE_OBJC_WEAK = YES;
				CLANG_WARN_BLOCK_CAPTURE_AUTORELEASING = YES;
				CLANG_WARN_BOOL_CONVERSION = YES;
				CLANG_WARN_COMMA = YES;
				CLANG_WARN_CONSTANT_CONVERSION = YES;
				CLANG_WARN_DEPRECATED_OBJC_IMPLEMENTATIONS = YES;
				CLANG_WARN_DIRECT_OBJC_ISA_USAGE = YES_ERROR;
				CLANG_WARN_DOCUMENTATION_COMMENTS = YES;
				CLANG_WARN_EMPTY_BODY = YES;
				CLANG_WARN_ENUM_CONVERSION = YES;
				CLANG_WARN_INFINITE_RECURSION = YES;
				CLANG_WARN_INT_CONVERSION = YES;
				CLANG_WARN_NON_LITERAL_NULL_CONVERSION = YES;
				CLANG_WARN_OBJC_IMPLICIT_RETAIN_SELF = YES;
				CLANG_WARN_OBJC_LITERAL_CONVERSION = YES;
				CLANG_WARN_OBJC_ROOT_CLASS = YES_ERROR;
				CLANG_WARN_QUOTED_INCLUDE_IN_FRAMEWORK_HEADER = YES;
				CLANG_WARN_RANGE_LOOP_ANALYSIS = YES;
				CLANG_WARN_STRICT_PROTOTYPES = YES;
				CLANG_WARN_SUSPICIOUS_MOVE = YES;
				CLANG_WARN_UNGUARDED_AVAILABILITY = YES_AGGRESSIVE;
				CLANG_WARN_UNREACHABLE_CODE = YES;
				CLANG_WARN__DUPLICATE_METHOD_MATCH = YES;
				COPY_PHASE_STRIP = NO;
				DEBUG_INFORMATION_FORMAT = "dwarf-with-dsym";
				ENABLE_NS_ASSERTIONS = NO;
				ENABLE_STRICT_OBJC_MSGSEND = YES;
				GCC_C_LANGUAGE_STANDARD = gnu11;
				GCC_NO_COMMON_BLOCKS = YES;
				GCC_WARN_64_TO_32_BIT_CONVERSION = YES;
				GCC_WARN_ABOUT_RETURN_TYPE = YES_ERROR;
				GCC_WARN_UNDECLARED_SELECTOR = YES;
				GCC_WARN_UNINITIALIZED_AUTOS = YES_AGGRESSIVE;
				GCC_WARN_UNUSED_FUNCTION = YES;
				GCC_WARN_UNUSED_VARIABLE = YES;
				IPHONEOS_DEPLOYMENT_TARGET = 14.0;
				MTL_ENABLE_DEBUG_INFO = NO;
				MTL_FAST_MATH = YES;
				SDKROOT = iphoneos;
				SWIFT_COMPILATION_MODE = wholemodule;
				SWIFT_OPTIMIZATION_LEVEL = "-O";
				VALIDATE_PRODUCT = YES;
			};
			name = Release;
		};
		E2672EA52519CE2100990820 /* Debug */ = {
			isa = XCBuildConfiguration;
			buildSettings = {
				ASSETCATALOG_COMPILER_APPICON_NAME = AppIcon;
				ASSETCATALOG_COMPILER_GLOBAL_ACCENT_COLOR_NAME = AccentColor;
				CODE_SIGN_STYLE = Automatic;
				DEVELOPMENT_ASSET_PATHS = "\"FlashZilla/Preview Content\"";
				DEVELOPMENT_TEAM = TW4MPRU9AN;
				ENABLE_PREVIEWS = YES;
				INFOPLIST_FILE = FlashZilla/Info.plist;
				LD_RUNPATH_SEARCH_PATHS = (
					"$(inherited)",
					"@executable_path/Frameworks",
				);
				PRODUCT_BUNDLE_IDENTIFIER = com.pine.FlashZilla;
				PRODUCT_NAME = "$(TARGET_NAME)";
				SWIFT_VERSION = 5.0;
				TARGETED_DEVICE_FAMILY = "1,2";
			};
			name = Debug;
		};
		E2672EA62519CE2100990820 /* Release */ = {
			isa = XCBuildConfiguration;
			buildSettings = {
				ASSETCATALOG_COMPILER_APPICON_NAME = AppIcon;
				ASSETCATALOG_COMPILER_GLOBAL_ACCENT_COLOR_NAME = AccentColor;
				CODE_SIGN_STYLE = Automatic;
				DEVELOPMENT_ASSET_PATHS = "\"FlashZilla/Preview Content\"";
				DEVELOPMENT_TEAM = TW4MPRU9AN;
				ENABLE_PREVIEWS = YES;
				INFOPLIST_FILE = FlashZilla/Info.plist;
				LD_RUNPATH_SEARCH_PATHS = (
					"$(inherited)",
					"@executable_path/Frameworks",
				);
				PRODUCT_BUNDLE_IDENTIFIER = com.pine.FlashZilla;
				PRODUCT_NAME = "$(TARGET_NAME)";
				SWIFT_VERSION = 5.0;
				TARGETED_DEVICE_FAMILY = "1,2";
			};
			name = Release;
		};
/* End XCBuildConfiguration section */

/* Begin XCConfigurationList section */
		E2672E882519CE2000990820 /* Build configuration list for PBXProject "FlashZilla" */ = {
			isa = XCConfigurationList;
			buildConfigurations = (
				E2672EA22519CE2100990820 /* Debug */,
				E2672EA32519CE2100990820 /* Release */,
			);
			defaultConfigurationIsVisible = 0;
			defaultConfigurationName = Release;
		};
		E2672EA42519CE2100990820 /* Build configuration list for PBXNativeTarget "FlashZilla" */ = {
			isa = XCConfigurationList;
			buildConfigurations = (
				E2672EA52519CE2100990820 /* Debug */,
				E2672EA62519CE2100990820 /* Release */,
			);
			defaultConfigurationIsVisible = 0;
			defaultConfigurationName = Release;
		};
/* End XCConfigurationList section */

/* Begin XCVersionGroup section */
		E2672E962519CE2000990820 /* FlashZilla.xcdatamodeld */ = {
			isa = XCVersionGroup;
			children = (
				E2672E972519CE2000990820 /* FlashZilla.xcdatamodel */,
			);
			currentVersion = E2672E972519CE2000990820 /* FlashZilla.xcdatamodel */;
			path = FlashZilla.xcdatamodeld;
			sourceTree = "<group>";
			versionGroupType = wrapper.xcdatamodel;
		};
/* End XCVersionGroup section */
	};
	rootObject = E2672E852519CE2000990820 /* Project object */;
}
